lockfileVersion: '9.0'

settings:
  autoInstallPeers: true
  excludeLinksFromLockfile: false

importers:

  .:
    devDependencies:
      '@rslib/core':
        specifier: ^0.18.2
        version: 0.18.2(typescript@5.9.3)
      '@rstest/core':
        specifier: ^0.6.8
        version: 0.6.8
      '@types/node':
        specifier: ^24.10.1
        version: 24.10.1
      path-serializer:
        specifier: ^0.5.1
        version: 0.5.1
      prettier:
        specifier: ~3.7.3
        version: 3.7.3
      strip-ansi:
        specifier: ^7.1.2
        version: 7.1.2
      supports-color:
        specifier: ^10.2.2
        version: 10.2.2
      typescript:
        specifier: ~5.9.3
        version: 5.9.3

packages:

  '@ast-grep/napi-darwin-arm64@0.37.0':
    resolution: {integrity: sha512-QAiIiaAbLvMEg/yBbyKn+p1gX2/FuaC0SMf7D7capm/oG4xGMzdeaQIcSosF4TCxxV+hIH4Bz9e4/u7w6Bnk3Q==}
    engines: {node: '>= 10'}
    cpu: [arm64]
    os: [darwin]

  '@ast-grep/napi-darwin-x64@0.37.0':
    resolution: {integrity: sha512-zvcvdgekd4ySV3zUbUp8HF5nk5zqwiMXTuVzTUdl/w08O7JjM6XPOIVT+d2o/MqwM9rsXdzdergY5oY2RdhSPA==}
    engines: {node: '>= 10'}
    cpu: [x64]
    os: [darwin]

  '@ast-grep/napi-linux-arm64-gnu@0.37.0':
    resolution: {integrity: sha512-L7Sj0lXy8X+BqSMgr1LB8cCoWk0rericdeu+dC8/c8zpsav5Oo2IQKY1PmiZ7H8IHoFBbURLf8iklY9wsD+cyA==}
    engines: {node: '>= 10'}
    cpu: [arm64]
    os: [linux]

  '@ast-grep/napi-linux-arm64-musl@0.37.0':
    resolution: {integrity: sha512-LF9sAvYy6es/OdyJDO3RwkX3I82Vkfsng1sqUBcoWC1jVb1wX5YVzHtpQox9JrEhGl+bNp7FYxB4Qba9OdA5GA==}
    engines: {node: '>= 10'}
    cpu: [arm64]
    os: [linux]

  '@ast-grep/napi-linux-x64-gnu@0.37.0':
    resolution: {integrity: sha512-TViz5/klqre6aSmJzswEIjApnGjJzstG/SE8VDWsrftMBMYt2PTu3MeluZVwzSqDao8doT/P+6U11dU05UOgxw==}
    engines: {node: '>= 10'}
    cpu: [x64]
    os: [linux]

  '@ast-grep/napi-linux-x64-musl@0.37.0':
    resolution: {integrity: sha512-/BcCH33S9E3ovOAEoxYngUNXgb+JLg991sdyiNP2bSoYd30a9RHrG7CYwW6fMgua3ijQ474eV6cq9yZO1bCpXg==}
    engines: {node: '>= 10'}
    cpu: [x64]
    os: [linux]

  '@ast-grep/napi-win32-arm64-msvc@0.37.0':
    resolution: {integrity: sha512-TjQA4cFoIEW2bgjLkaL9yqT4XWuuLa5MCNd0VCDhGRDMNQ9+rhwi9eLOWRaap3xzT7g+nlbcEHL3AkVCD2+b3A==}
    engines: {node: '>= 10'}
    cpu: [arm64]
    os: [win32]

  '@ast-grep/napi-win32-ia32-msvc@0.37.0':
    resolution: {integrity: sha512-uNmVka8fJCdYsyOlF9aZqQMLTatEYBynjChVTzUfFMDfmZ0bihs/YTqJVbkSm8TZM7CUX82apvn50z/dX5iWRA==}
    engines: {node: '>= 10'}
    cpu: [ia32]
    os: [win32]

  '@ast-grep/napi-win32-x64-msvc@0.37.0':
    resolution: {integrity: sha512-vCiFOT3hSCQuHHfZ933GAwnPzmL0G04JxQEsBRfqONywyT8bSdDc/ECpAfr3S9VcS4JZ9/F6tkePKW/Om2Dq2g==}
    engines: {node: '>= 10'}
    cpu: [x64]
    os: [win32]

  '@ast-grep/napi@0.37.0':
    resolution: {integrity: sha512-Hb4o6h1Pf6yRUAX07DR4JVY7dmQw+RVQMW5/m55GoiAT/VRoKCWBtIUPPOnqDVhbx1Cjfil9b6EDrgJsUAujEQ==}
    engines: {node: '>= 10'}

  '@emnapi/core@1.5.0':
    resolution: {integrity: sha512-sbP8GzB1WDzacS8fgNPpHlp6C9VZe+SJP3F90W9rLemaQj2PzIuTEl1qDOYQf58YIpyjViI24y9aPWCjEzY2cg==}

  '@emnapi/runtime@1.5.0':
    resolution: {integrity: sha512-97/BJ3iXHww3djw6hYIfErCZFee7qCtrneuLa20UXFCOTCfBM2cvQHjWJ2EG0s0MtdNwInarqCTz35i4wWXHsQ==}

  '@emnapi/wasi-threads@1.1.0':
    resolution: {integrity: sha512-WI0DdZ8xFSbgMjR1sFsKABJ/C5OnRrjT06JXbZKexJGrDuPTzZdDYfFlsgcCXCyf+suG5QU2e/y1Wo2V/OapLQ==}

  '@module-federation/error-codes@0.21.1':
    resolution: {integrity: sha512-h1brnwR9AbwMu1P7ZoJJ9j2O2XWkuMh5p03WhXI1vNEdl3xJheSAvH8RjG8FoKRccVgMnUNDQ+vDVwevUBms/A==}

  '@module-federation/error-codes@0.21.4':
    resolution: {integrity: sha512-ClpL5MereWNXh+EgDjz7w4RrC1JlisQTvXDa1gLxpviHafzNDfdViVmuhi9xXVuj+EYo8KU70Y999KHhk9424Q==}

  '@module-federation/runtime-core@0.21.1':
    resolution: {integrity: sha512-COob5bepqDc9mKjTziXbQd4WQMCTzhc0cuXyraZhYddYcjcepzZrMpDIXG1x5p+gdg5p1vsGNWt/ZcU8cFh/pg==}

  '@module-federation/runtime-core@0.21.4':
    resolution: {integrity: sha512-SGpmoOLGNxZofpTOk6Lxb2ewaoz5wMi93AFYuuJB04HTVcngEK+baNeUZ2D/xewrqNIJoMY6f5maUjVfIIBPUA==}

  '@module-federation/runtime-tools@0.21.1':
    resolution: {integrity: sha512-uQmammw3Osg8370yiRqZwKo7eA5zkyml9pAX9x4oS9QAkEBvQpDogERlF9f7gAgcP2P3v+xLg3/bCdquD0gt8A==}

  '@module-federation/runtime-tools@0.21.4':
    resolution: {integrity: sha512-RzFKaL0DIjSmkn76KZRfzfB6dD07cvID84950jlNQgdyoQFUGkqD80L6rIpVCJTY/R7LzR3aQjHnoqmq4JPo3w==}

  '@module-federation/runtime@0.21.1':
    resolution: {integrity: sha512-sfBrP0gEPwXPEiREVKVd0IjEWXtr3G/i7EUZVWTt4D491nNpswog/kuKFatGmhcBb+9uD5v9rxFgmIbgL9njnQ==}

  '@module-federation/runtime@0.21.4':
    resolution: {integrity: sha512-wgvGqryurVEvkicufJmTG0ZehynCeNLklv8kIk5BLIsWYSddZAE+xe4xov1kgH5fIJQAoQNkRauFFjVNlHoAkA==}

  '@module-federation/sdk@0.21.1':
    resolution: {integrity: sha512-1cHMrmCCao3NMFM4BkA0GDt4rbYbyneHct5E4z68cu5UBUnI3L/UboP5VNM8lkYMO1nCR8M0FcLkLhK35Nt48A==}

  '@module-federation/sdk@0.21.4':
    resolution: {integrity: sha512-tzvhOh/oAfX++6zCDDxuvioHY4Jurf8vcfoCbKFxusjmyKr32GPbwFDazUP+OPhYCc3dvaa9oWU6X/qpUBLfJw==}

  '@module-federation/webpack-bundler-runtime@0.21.1':
    resolution: {integrity: sha512-yyXX6ugTV07pMxMzAHt6/JDwblS3f1NDyUI7l44CyYgXpl2ItEEUs5aj5h/5xU1c9Px7M//KkY3qW+InW4tR/A==}

  '@module-federation/webpack-bundler-runtime@0.21.4':
    resolution: {integrity: sha512-dusmR3uPnQh9u9ChQo3M+GLOuGFthfvnh7WitF/a1eoeTfRmXqnMFsXtZCUK+f/uXf+64874Zj/bhAgbBcVHZA==}

  '@napi-rs/wasm-runtime@1.0.7':
    resolution: {integrity: sha512-SeDnOO0Tk7Okiq6DbXmmBODgOAb9dp9gjlphokTUxmt8U3liIP1ZsozBahH69j/RJv+Rfs6IwUKHTgQYJ/HBAw==}

  '@rsbuild/core@1.6.0-beta.1':
    resolution: {integrity: sha512-UjQnvXDW9m/hS4DP66ubGIMVjK2PzYx8tzgiinrO0kjNCr9i8KWuJSJGUWyczFMpSsXxp20LnuTxtx7kiGiYdA==}
    engines: {node: '>=18.12.0'}
    hasBin: true

  '@rsbuild/core@1.6.10':
    resolution: {integrity: sha512-gAdI+H/xUsuEQikKlFUsxbr2f3uXfLU+3Z73wdcaQcNcvfmS3K+6vMyNYn6UFuCL5LPtXG9lwgc8cycToHgm5g==}
    engines: {node: '>=18.12.0'}
    hasBin: true

  '@rslib/core@0.18.2':
    resolution: {integrity: sha512-KIlBl8V675gzBcL17cCS5buN9wZSaS6JT7s9p1OZLOtBZTuCCu1q+5TfyTdnmFATEGgtrue4xhnX8HhAFKuMPw==}
    engines: {node: '>=18.12.0'}
    hasBin: true
    peerDependencies:
      '@microsoft/api-extractor': ^7
      typescript: ^5
    peerDependenciesMeta:
      '@microsoft/api-extractor':
        optional: true
      typescript:
        optional: true

  '@rspack/binding-darwin-arm64@1.6.0-beta.1':
    resolution: {integrity: sha512-RXQ97iVXgvQAb/cq265z/txdHOOJ6fQQRBfnn0IfMNk7gT4W2rvsLrOqQpwtMKxYV4N/mfWnycfAVa0OOf22Gg==}
    cpu: [arm64]
    os: [darwin]

  '@rspack/binding-darwin-arm64@1.6.5':
    resolution: {integrity: sha512-DaAJTlaenqZIqFqIYcitn0SzjJ7WpC9234JpiSDZdRyXii9qJJiToVwxSPY/CmkrP0201+aC4pzN4tI9T0Ummw==}
    cpu: [arm64]
    os: [darwin]

  '@rspack/binding-darwin-x64@1.6.0-beta.1':
    resolution: {integrity: sha512-Ulb7Jyyvuf28BwPXZKSbglaSK/19b32ItWT+pgswhbFsnfhzAQQd7Jo7TUEvHNHAdVDiES8VFlrnOhOSnwEOLg==}
    cpu: [x64]
    os: [darwin]

  '@rspack/binding-darwin-x64@1.6.5':
    resolution: {integrity: sha512-fPVfp7W/GMbHayb5hbefiMI30JxlsqPexOItHGtufHmTCrNne1aHmApspyUZIUUxG36oDRHuGPnfh+IQbHR6+g==}
    cpu: [x64]
    os: [darwin]

  '@rspack/binding-linux-arm64-gnu@1.6.0-beta.1':
    resolution: {integrity: sha512-UyUoh5RXHTWCktqPVnqoc5rwlWyLkWqGu6ga+iyJHDxdxlrHFfwJnTSnCd4y8cRadf7CrmjHElxE61GU3WCYhw==}
    cpu: [arm64]
    os: [linux]

  '@rspack/binding-linux-arm64-gnu@1.6.5':
    resolution: {integrity: sha512-K68YDoV2e4s+nlrKZxgF0HehiiRwOAGgZFUwJNRMZ7MUrTGMNlPTJlM+bNdaCjDb6GFxBVFcNwIa1sU+0tF1zg==}
    cpu: [arm64]
    os: [linux]

  '@rspack/binding-linux-arm64-musl@1.6.0-beta.1':
    resolution: {integrity: sha512-JAXVKHQieN4Ruvs7MstvsPUtRBSAROqJ0abCh4rXdV+FzncKp/ZkdfjQploDhBWtWfU8rPvIjaxeZcPfHMI5/A==}
    cpu: [arm64]
    os: [linux]

  '@rspack/binding-linux-arm64-musl@1.6.5':
    resolution: {integrity: sha512-JPtxFBOq7RRmBIwpdGIStf8iyCILehDsjQtEB0Kkhtm7TsAkVGwtC41GLcNuPxcQBKqNDmD8cy3yLYhXadH2CQ==}
    cpu: [arm64]
    os: [linux]

  '@rspack/binding-linux-x64-gnu@1.6.0-beta.1':
    resolution: {integrity: sha512-LqAos71CJS5/V4knX9T7T68oGz0XPRZ2IJmI3jEByRlNcyZdxYeQ7Dw09JO9Y5Xj0T+0cudOeL2MxHcD3gTF/w==}
    cpu: [x64]
    os: [linux]

  '@rspack/binding-linux-x64-gnu@1.6.5':
    resolution: {integrity: sha512-oh4ZNo2HtizZ/E6UK3BEONu20h8VVBw9GAXuWmo1u22cJSihzg+WfRNCMjRDil82LqSsyAgBwnU+dEjEYGKyAA==}
    cpu: [x64]
    os: [linux]

  '@rspack/binding-linux-x64-musl@1.6.0-beta.1':
    resolution: {integrity: sha512-E4dRMzIHYaoYkgmDTFLrgnGtdspbAuVbLfaPF9AWW5YkQn52obGAgbbNb1wi1JJ5f29nTBoLauYCucEO5IGFvA==}
    cpu: [x64]
    os: [linux]

  '@rspack/binding-linux-x64-musl@1.6.5':
    resolution: {integrity: sha512-8Xebp5bvPJqjifpkFEAX5nUvoU2JvbMU3gwAkEovRRuvooCXnVT2tqkUBjkR3AhivAGgAxAr9hRzUUz/6QWt3Q==}
    cpu: [x64]
    os: [linux]

  '@rspack/binding-wasm32-wasi@1.6.0-beta.1':
    resolution: {integrity: sha512-PaKEjXOkYprSFlgdgVm/P3pv2E8nAQx9WSGgPmMVIAtxo3Cyz0wwFf0f1Bp9wCw0KkIWgi+9lz8oXNkgKZilug==}
    cpu: [wasm32]

  '@rspack/binding-wasm32-wasi@1.6.5':
    resolution: {integrity: sha512-oINZNqzTxM+9dSUOjAORodHXYoJYzXvpaHI2U6ecEmoWaBCs+x3V3Po8DhpNFBwotB+jGlcoVhEHjpg5uaO6pw==}
    cpu: [wasm32]

  '@rspack/binding-win32-arm64-msvc@1.6.0-beta.1':
    resolution: {integrity: sha512-HWz9Qxrjf3TKLCwiFPJaqw+STvEsBvFYZvBXZ8umIZXqtdfgQP5d91V8JRG4Gg1J6xnGC/KhZexxBuR/y64aBA==}
    cpu: [arm64]
    os: [win32]

  '@rspack/binding-win32-arm64-msvc@1.6.5':
    resolution: {integrity: sha512-UUmep2ayuZxWPdrzkrzAFxVgYUWTB82pa9bkAGyeDO9SNkz8vTpdtbDaTvAzjFb8Pn+ErktDEDBKT57FLjxwxQ==}
    cpu: [arm64]
    os: [win32]

  '@rspack/binding-win32-ia32-msvc@1.6.0-beta.1':
    resolution: {integrity: sha512-alAZHRuyPzCH3rJpEC9EBE60EZPnQjzltZ6HN8lsCidACMFTzaLBvuzZyYQah+Zm58O22ok2Eon4BpP1Coizgg==}
    cpu: [ia32]
    os: [win32]

  '@rspack/binding-win32-ia32-msvc@1.6.5':
    resolution: {integrity: sha512-7nx+mMimpmCMstcW7nsyToXy5TK7N+YGPu2W/oioX7qv9ZCuJGTddjzLS84wN8DVrNIirg4mcxpBsmOQMZeHQA==}
    cpu: [ia32]
    os: [win32]

  '@rspack/binding-win32-x64-msvc@1.6.0-beta.1':
    resolution: {integrity: sha512-/WBzhed0Cu0o9XQ9caGgWwzyNnnPKlENlExa2aGbRCbB14/+CwfhCyETyKlc/ID+dtlV/eHKTC9cckUNI8NpTQ==}
    cpu: [x64]
    os: [win32]

  '@rspack/binding-win32-x64-msvc@1.6.5':
    resolution: {integrity: sha512-pzO7rYFu6f6stgSccolZHiXGTTwKrIGHHNV1ALY1xPRmQEdbHcbMwadeaG99JL2lRLve9iNI+Z9Pr3oDVRN46g==}
    cpu: [x64]
    os: [win32]

  '@rspack/binding@1.6.0-beta.1':
    resolution: {integrity: sha512-r3L60ekkDLM5qoRjCMrqsgwU9SQ5e8oA/Omltu/FEEUspIVHawPvAqNZvAXnGB+FoNxM8YgdRRh12PAwXJww0A==}

  '@rspack/binding@1.6.5':
    resolution: {integrity: sha512-FzYsr5vdjaVQIlDTxZFlISOQGxl/4grpF2BeiNy60Fpw9eeADeXk55DVacbXPqpiz7Doj6cyhEyMszQOvihrqQ==}

  '@rspack/core@1.6.0-beta.1':
    resolution: {integrity: sha512-2ff8XWonPPHyQ6mEWogMspg+Sul3lXZUfNQVrbYSjfNpi8CeDV0/ZtRbHHbAXiy6pz5fvBFL6X+i/ATckjTYBw==}
    engines: {node: '>=18.12.0'}
    peerDependencies:
      '@swc/helpers': '>=0.5.1'
    peerDependenciesMeta:
      '@swc/helpers':
        optional: true

  '@rspack/core@1.6.5':
    resolution: {integrity: sha512-AqaOMA6MTNhqMYYwrhvPA+2uS662SkAi8Rb7B/IFOzh/Z5ooyczL4lUX+qyhAO3ymn50iwM4jikQCf9XfBiaQA==}
    engines: {node: '>=18.12.0'}
    peerDependencies:
      '@swc/helpers': '>=0.5.1'
    peerDependenciesMeta:
      '@swc/helpers':
        optional: true

  '@rspack/lite-tapable@1.0.1':
    resolution: {integrity: sha512-VynGOEsVw2s8TAlLf/uESfrgfrq2+rcXB1muPJYBWbsm1Oa6r5qVQhjA5ggM6z/coYPrsVMgovl3Ff7Q7OCp1w==}
    engines: {node: '>=16.0.0'}

  '@rspack/lite-tapable@1.1.0':
    resolution: {integrity: sha512-E2B0JhYFmVAwdDiG14+DW0Di4Ze4Jg10Pc4/lILUrd5DRCaklduz2OvJ5HYQ6G+hd+WTzqQb3QnDNfK4yvAFYw==}

  '@rstest/core@0.6.8':
    resolution: {integrity: sha512-rWn3HzcOx1QY/F+Qu/5HpLM9k0f2I0Svvi08vGGB8p9TN9u2wD2/AY+Rh9ao+90wxX5GiN2RVlI//4G7lHYJBg==}
    engines: {node: '>=18.12.0'}
    hasBin: true
    peerDependencies:
      happy-dom: '*'
      jsdom: '*'
    peerDependenciesMeta:
      happy-dom:
        optional: true
      jsdom:
        optional: true

  '@swc/helpers@0.5.17':
    resolution: {integrity: sha512-5IKx/Y13RsYd+sauPb2x+U/xZikHjolzfuDgTAl/Tdf3Q8rslRvC19NKDLgAJQ6wsqADk10ntlv08nPFw/gO/A==}

  '@tybys/wasm-util@0.10.1':
    resolution: {integrity: sha512-9tTaPJLSiejZKx+Bmog4uSubteqTvFrVrURwkmHixBo0G4seD0zUxp98E1DzUBJxLQ3NPwXrGKDiVjwx/DpPsg==}

  '@types/chai@5.2.3':
    resolution: {integrity: sha512-Mw558oeA9fFbv65/y4mHtXDs9bPnFMZAL/jxdPFUpOHHIXX91mcgEHbS5Lahr+pwZFR8A7GQleRWeI6cGFC2UA==}

  '@types/deep-eql@4.0.2':
    resolution: {integrity: sha512-c9h9dVVMigMPc4bwTvC5dxqtqJZwQPePsWjPlpSOnojbor6pGqdk541lfA7AqFQr5pB1BRdq0juY9db81BwyFw==}

  '@types/node@24.10.1':
    resolution: {integrity: sha512-GNWcUTRBgIRJD5zj+Tq0fKOJ5XZajIiBroOF0yvj2bSU1WvNdYS/dn9UxwsujGW4JX06dnHyjV2y9rRaybH0iQ==}

  ansi-regex@6.1.0:
    resolution: {integrity: sha512-7HSX4QQb4CspciLpVFwyRe79O3xsIZDDLER21kERQ71oaPodF8jL725AgJMFAYbooIqolJoRLuM81SpeUkpkvA==}
    engines: {node: '>=12'}

  assertion-error@2.0.1:
    resolution: {integrity: sha512-Izi8RQcffqCeNVgFigKli1ssklIbpHnCYc6AknXGYoB6grJqyeby7jv12JUQgmTAnIDnbck1uxksT4dzN3PWBA==}
    engines: {node: '>=12'}

  core-js@3.46.0:
    resolution: {integrity: sha512-vDMm9B0xnqqZ8uSBpZ8sNtRtOdmfShrvT6h2TuQGLs0Is+cR0DYbj/KWP6ALVNbWPpqA/qPLoOuppJN07humpA==}

  core-js@3.47.0:
    resolution: {integrity: sha512-c3Q2VVkGAUyupsjRnaNX6u8Dq2vAdzm9iuPj5FW0fRxzlxgq9Q39MDq10IvmQSpLgHQNyQzQmOo6bgGHmH3NNg==}

  jiti@2.6.1:
    resolution: {integrity: sha512-ekilCSN1jwRvIbgeg/57YFh8qQDNbwDb9xT/qu2DAHbFFZUicIl4ygVaAvzveMhMVr3LnpSKTNnwt8PoOfmKhQ==}
    hasBin: true

  path-serializer@0.5.1:
    resolution: {integrity: sha512-bMTznw/TiZbmxlPQEV1pFatJFQcBKt3i9glDcPqygSx5xGrcM4MTCSjY+3SgW9Y628zfRmuJ1uAc/t/A3Tw0QA==}

  prettier@3.7.3:
    resolution: {integrity: sha512-QgODejq9K3OzoBbuyobZlUhznP5SKwPqp+6Q6xw6o8gnhr4O85L2U915iM2IDcfF2NPXVaM9zlo9tdwipnYwzg==}
    engines: {node: '>=14'}
    hasBin: true

  rsbuild-plugin-dts@0.18.2:
    resolution: {integrity: sha512-gUZ6MXjp7PQtBWlyCkcNp34scgc7qSQRc6Rw4YHVeuBnLvVAXsToYJHn32ImYPBJzRGFA9dz5D1r7ZZKurD7Vg==}
    engines: {node: '>=18.12.0'}
    peerDependencies:
      '@microsoft/api-extractor': ^7
      '@rsbuild/core': 1.x
      '@typescript/native-preview': 7.x
      typescript: ^5
    peerDependenciesMeta:
      '@microsoft/api-extractor':
        optional: true
      '@typescript/native-preview':
        optional: true
      typescript:
        optional: true

  strip-ansi@7.1.2:
    resolution: {integrity: sha512-gmBGslpoQJtgnMAvOVqGZpEz9dyoKTCzy2nfz/n8aIFhN/jCE/rCmcxabB6jOOHV+0WNnylOxaxBQPSvcWklhA==}
    engines: {node: '>=12'}

  supports-color@10.2.2:
    resolution: {integrity: sha512-SS+jx45GF1QjgEXQx4NJZV9ImqmO2NPz5FNsIHrsDjh2YsHnawpan7SNQ1o8NuhrbHZy9AZhIoCUiCeaW/C80g==}
    engines: {node: '>=18'}

  tinypool@1.1.1:
    resolution: {integrity: sha512-Zba82s87IFq9A9XmjiX5uZA/ARWDrB03OHlq+Vw1fSdt0I+4/Kutwy8BP4Y/y/aORMo61FQ0vIb5j44vSo5Pkg==}
    engines: {node: ^18.0.0 || >=20.0.0}

  tslib@2.8.1:
    resolution: {integrity: sha512-oJFu94HQb+KVduSUQL7wnpmqnfmLsOA/nAh6b6EH0wCEoK0/mPeXU6c3wKDV83MkOuHPRHtSXKKU99IBazS/2w==}

  typescript@5.9.3:
    resolution: {integrity: sha512-jl1vZzPDinLr9eUt3J/t7V6FgNEw9QjvBPdysz9KfQDD41fQrC2Y4vKQdiaUpFT4bXlb1RHhLpp8wtm6M5TgSw==}
    engines: {node: '>=14.17'}
    hasBin: true

  undici-types@7.16.0:
    resolution: {integrity: sha512-Zz+aZWSj8LE6zoxD+xrjh4VfkIG8Ya6LvYkZqtUQGJPZjYl53ypCaUwWqo7eI0x66KBGeRo+mlBEkMSeSZ38Nw==}

snapshots:

  '@ast-grep/napi-darwin-arm64@0.37.0':
    optional: true

  '@ast-grep/napi-darwin-x64@0.37.0':
    optional: true

  '@ast-grep/napi-linux-arm64-gnu@0.37.0':
    optional: true

  '@ast-grep/napi-linux-arm64-musl@0.37.0':
    optional: true

  '@ast-grep/napi-linux-x64-gnu@0.37.0':
    optional: true

  '@ast-grep/napi-linux-x64-musl@0.37.0':
    optional: true

  '@ast-grep/napi-win32-arm64-msvc@0.37.0':
    optional: true

  '@ast-grep/napi-win32-ia32-msvc@0.37.0':
    optional: true

  '@ast-grep/napi-win32-x64-msvc@0.37.0':
    optional: true

  '@ast-grep/napi@0.37.0':
    optionalDependencies:
      '@ast-grep/napi-darwin-arm64': 0.37.0
      '@ast-grep/napi-darwin-x64': 0.37.0
      '@ast-grep/napi-linux-arm64-gnu': 0.37.0
      '@ast-grep/napi-linux-arm64-musl': 0.37.0
      '@ast-grep/napi-linux-x64-gnu': 0.37.0
      '@ast-grep/napi-linux-x64-musl': 0.37.0
      '@ast-grep/napi-win32-arm64-msvc': 0.37.0
      '@ast-grep/napi-win32-ia32-msvc': 0.37.0
      '@ast-grep/napi-win32-x64-msvc': 0.37.0

  '@emnapi/core@1.5.0':
    dependencies:
      '@emnapi/wasi-threads': 1.1.0
      tslib: 2.8.1
    optional: true

  '@emnapi/runtime@1.5.0':
    dependencies:
      tslib: 2.8.1
    optional: true

  '@emnapi/wasi-threads@1.1.0':
    dependencies:
      tslib: 2.8.1
    optional: true

  '@module-federation/error-codes@0.21.1': {}

  '@module-federation/error-codes@0.21.4': {}

  '@module-federation/runtime-core@0.21.1':
    dependencies:
      '@module-federation/error-codes': 0.21.1
      '@module-federation/sdk': 0.21.1

  '@module-federation/runtime-core@0.21.4':
    dependencies:
      '@module-federation/error-codes': 0.21.4
      '@module-federation/sdk': 0.21.4

  '@module-federation/runtime-tools@0.21.1':
    dependencies:
      '@module-federation/runtime': 0.21.1
      '@module-federation/webpack-bundler-runtime': 0.21.1

  '@module-federation/runtime-tools@0.21.4':
    dependencies:
      '@module-federation/runtime': 0.21.4
      '@module-federation/webpack-bundler-runtime': 0.21.4

  '@module-federation/runtime@0.21.1':
    dependencies:
      '@module-federation/error-codes': 0.21.1
      '@module-federation/runtime-core': 0.21.1
      '@module-federation/sdk': 0.21.1

  '@module-federation/runtime@0.21.4':
    dependencies:
      '@module-federation/error-codes': 0.21.4
      '@module-federation/runtime-core': 0.21.4
      '@module-federation/sdk': 0.21.4

  '@module-federation/sdk@0.21.1': {}

  '@module-federation/sdk@0.21.4': {}

  '@module-federation/webpack-bundler-runtime@0.21.1':
    dependencies:
      '@module-federation/runtime': 0.21.1
      '@module-federation/sdk': 0.21.1

  '@module-federation/webpack-bundler-runtime@0.21.4':
    dependencies:
      '@module-federation/runtime': 0.21.4
      '@module-federation/sdk': 0.21.4

  '@napi-rs/wasm-runtime@1.0.7':
    dependencies:
      '@emnapi/core': 1.5.0
      '@emnapi/runtime': 1.5.0
      '@tybys/wasm-util': 0.10.1
    optional: true

  '@rsbuild/core@1.6.0-beta.1':
    dependencies:
      '@rspack/core': 1.6.0-beta.1(@swc/helpers@0.5.17)
      '@rspack/lite-tapable': 1.0.1
      '@swc/helpers': 0.5.17
      core-js: 3.46.0
      jiti: 2.6.1

  '@rsbuild/core@1.6.10':
    dependencies:
      '@rspack/core': 1.6.5(@swc/helpers@0.5.17)
      '@rspack/lite-tapable': 1.1.0
      '@swc/helpers': 0.5.17
      core-js: 3.47.0
      jiti: 2.6.1

  '@rslib/core@0.18.2(typescript@5.9.3)':
    dependencies:
      '@rsbuild/core': 1.6.10
      rsbuild-plugin-dts: 0.18.2(@rsbuild/core@1.6.10)(typescript@5.9.3)
    optionalDependencies:
      typescript: 5.9.3
    transitivePeerDependencies:
      - '@typescript/native-preview'

  '@rspack/binding-darwin-arm64@1.6.0-beta.1':
    optional: true

  '@rspack/binding-darwin-arm64@1.6.5':
    optional: true

  '@rspack/binding-darwin-x64@1.6.0-beta.1':
    optional: true

  '@rspack/binding-darwin-x64@1.6.5':
    optional: true

  '@rspack/binding-linux-arm64-gnu@1.6.0-beta.1':
    optional: true

  '@rspack/binding-linux-arm64-gnu@1.6.5':
    optional: true

  '@rspack/binding-linux-arm64-musl@1.6.0-beta.1':
    optional: true

  '@rspack/binding-linux-arm64-musl@1.6.5':
    optional: true

  '@rspack/binding-linux-x64-gnu@1.6.0-beta.1':
    optional: true

  '@rspack/binding-linux-x64-gnu@1.6.5':
    optional: true

  '@rspack/binding-linux-x64-musl@1.6.0-beta.1':
    optional: true

  '@rspack/binding-linux-x64-musl@1.6.5':
    optional: true

  '@rspack/binding-wasm32-wasi@1.6.0-beta.1':
    dependencies:
      '@napi-rs/wasm-runtime': 1.0.7
    optional: true

  '@rspack/binding-wasm32-wasi@1.6.5':
    dependencies:
      '@napi-rs/wasm-runtime': 1.0.7
    optional: true

  '@rspack/binding-win32-arm64-msvc@1.6.0-beta.1':
    optional: true

  '@rspack/binding-win32-arm64-msvc@1.6.5':
    optional: true

  '@rspack/binding-win32-ia32-msvc@1.6.0-beta.1':
    optional: true

  '@rspack/binding-win32-ia32-msvc@1.6.5':
    optional: true

  '@rspack/binding-win32-x64-msvc@1.6.0-beta.1':
    optional: true

  '@rspack/binding-win32-x64-msvc@1.6.5':
    optional: true

  '@rspack/binding@1.6.0-beta.1':
    optionalDependencies:
      '@rspack/binding-darwin-arm64': 1.6.0-beta.1
      '@rspack/binding-darwin-x64': 1.6.0-beta.1
      '@rspack/binding-linux-arm64-gnu': 1.6.0-beta.1
      '@rspack/binding-linux-arm64-musl': 1.6.0-beta.1
      '@rspack/binding-linux-x64-gnu': 1.6.0-beta.1
      '@rspack/binding-linux-x64-musl': 1.6.0-beta.1
      '@rspack/binding-wasm32-wasi': 1.6.0-beta.1
      '@rspack/binding-win32-arm64-msvc': 1.6.0-beta.1
      '@rspack/binding-win32-ia32-msvc': 1.6.0-beta.1
      '@rspack/binding-win32-x64-msvc': 1.6.0-beta.1

  '@rspack/binding@1.6.5':
    optionalDependencies:
      '@rspack/binding-darwin-arm64': 1.6.5
      '@rspack/binding-darwin-x64': 1.6.5
      '@rspack/binding-linux-arm64-gnu': 1.6.5
      '@rspack/binding-linux-arm64-musl': 1.6.5
      '@rspack/binding-linux-x64-gnu': 1.6.5
      '@rspack/binding-linux-x64-musl': 1.6.5
      '@rspack/binding-wasm32-wasi': 1.6.5
      '@rspack/binding-win32-arm64-msvc': 1.6.5
      '@rspack/binding-win32-ia32-msvc': 1.6.5
      '@rspack/binding-win32-x64-msvc': 1.6.5

  '@rspack/core@1.6.0-beta.1(@swc/helpers@0.5.17)':
    dependencies:
      '@module-federation/runtime-tools': 0.21.1
      '@rspack/binding': 1.6.0-beta.1
      '@rspack/lite-tapable': 1.0.1
    optionalDependencies:
      '@swc/helpers': 0.5.17

  '@rspack/core@1.6.5(@swc/helpers@0.5.17)':
    dependencies:
      '@module-federation/runtime-tools': 0.21.4
      '@rspack/binding': 1.6.5
      '@rspack/lite-tapable': 1.1.0
    optionalDependencies:
      '@swc/helpers': 0.5.17

  '@rspack/lite-tapable@1.0.1': {}

  '@rspack/lite-tapable@1.1.0': {}

  '@rstest/core@0.6.8':
    dependencies:
      '@rsbuild/core': 1.6.0-beta.1
      '@types/chai': 5.2.3
      tinypool: 1.1.1

  '@swc/helpers@0.5.17':
    dependencies:
      tslib: 2.8.1

  '@tybys/wasm-util@0.10.1':
    dependencies:
      tslib: 2.8.1
    optional: true

  '@types/chai@5.2.3':
    dependencies:
      '@types/deep-eql': 4.0.2
      assertion-error: 2.0.1

  '@types/deep-eql@4.0.2': {}

  '@types/node@24.10.1':
    dependencies:
      undici-types: 7.16.0

  ansi-regex@6.1.0: {}

  assertion-error@2.0.1: {}

  core-js@3.46.0: {}

  core-js@3.47.0: {}

  jiti@2.6.1: {}

  path-serializer@0.5.1: {}

  prettier@3.7.3: {}

  rsbuild-plugin-dts@0.18.2(@rsbuild/core@1.6.10)(typescript@5.9.3):
    dependencies:
      '@ast-grep/napi': 0.37.0
      '@rsbuild/core': 1.6.10
    optionalDependencies:
      typescript: 5.9.3

  strip-ansi@7.1.2:
    dependencies:
      ansi-regex: 6.1.0

  supports-color@10.2.2: {}

  tinypool@1.1.1: {}

  tslib@2.8.1: {}

  typescript@5.9.3: {}

  undici-types@7.16.0: {}
