lockfileVersion: '9.0'

settings:
  autoInstallPeers: true
  excludeLinksFromLockfile: false

importers:

  .:
    devDependencies:
      '@rslib/core':
        specifier: ^0.5.2
        version: 0.5.2(typescript@5.8.2)
      '@rstest/core':
        specifier: https://pkg.pr.new/web-infra-dev/rstest/@rstest/core@1b40438
        version: https://pkg.pr.new/web-infra-dev/rstest/@rstest/core@1b40438
      '@types/node':
        specifier: ^22.13.8
        version: 22.13.8
      prettier:
        specifier: ~3.5.3
        version: 3.5.3
      strip-ansi:
        specifier: ^7.1.0
        version: 7.1.0
      supports-color:
        specifier: ^9.4.0
        version: 9.4.0
      typescript:
        specifier: ~5.8.2
        version: 5.8.2

packages:

  '@ast-grep/napi-darwin-arm64@0.35.0':
    resolution: {integrity: sha512-T+MN4Oinc+sXjXCIHzfxDDWY7r2pKgPxM6zVeVlkMTrJV2mJtyKYBIS+CABhRM6kflps2T2I6l4DGaKV/8Ym9w==}
    engines: {node: '>= 10'}
    cpu: [arm64]
    os: [darwin]

  '@ast-grep/napi-darwin-x64@0.35.0':
    resolution: {integrity: sha512-pEYiN6JI1HY2uWhMYJ9+3yIMyVYKuYdFzeD+dL7odA3qzK0o9N9AM3/NOt4ynU2EhufaWCJr0P5NoQ636qN6MQ==}
    engines: {node: '>= 10'}
    cpu: [x64]
    os: [darwin]

  '@ast-grep/napi-linux-arm64-gnu@0.35.0':
    resolution: {integrity: sha512-NBuzQngABGKz7lhG08IQb+7nPqUx81Ol37xmS3ZhVSdSgM0mtp93rCbgFTkJcAFE8IMfCHQSg7G4g0Iotz4ABQ==}
    engines: {node: '>= 10'}
    cpu: [arm64]
    os: [linux]

  '@ast-grep/napi-linux-arm64-musl@0.35.0':
    resolution: {integrity: sha512-1EcvHPwyWpCL/96LuItBYGfeI5FaMTRvL+dHbO/hL5q1npqbb5qn+ppJwtNOjTPz8tayvgggxVk9T4C2O7taYA==}
    engines: {node: '>= 10'}
    cpu: [arm64]
    os: [linux]

  '@ast-grep/napi-linux-x64-gnu@0.35.0':
    resolution: {integrity: sha512-FDzNdlqmQnsiWXhnLxusw5AOfEcEM+5xtmrnAf3SBRFr86JyWD9qsynnFYC2pnP9hlMfifNH2TTmMpyGJW49Xw==}
    engines: {node: '>= 10'}
    cpu: [x64]
    os: [linux]

  '@ast-grep/napi-linux-x64-musl@0.35.0':
    resolution: {integrity: sha512-wlmndjfBafT8u5p4DBnoRQyoCSGNuVSz7rT3TqhvlHcPzUouRWMn95epU9B1LNLyjXvr9xHeRjSktyCN28w57Q==}
    engines: {node: '>= 10'}
    cpu: [x64]
    os: [linux]

  '@ast-grep/napi-win32-arm64-msvc@0.35.0':
    resolution: {integrity: sha512-gkhJeYc4rrZLX2icLxalPikTLMR57DuIYLwLr9g+StHYXIsGHrbfrE6Nnbdd8Izfs34ArFCrcwdaMrGlvOPSeg==}
    engines: {node: '>= 10'}
    cpu: [arm64]
    os: [win32]

  '@ast-grep/napi-win32-ia32-msvc@0.35.0':
    resolution: {integrity: sha512-OdUuRa3chHCZ65y+qALfkUjz0W0Eg21YZ9TyPquV5why07M6HAK38mmYGzLxFH6294SvRQhs+FA/rAfbKeH0jA==}
    engines: {node: '>= 10'}
    cpu: [ia32]
    os: [win32]

  '@ast-grep/napi-win32-x64-msvc@0.35.0':
    resolution: {integrity: sha512-pcQRUHqbroTN1oQ56V982a7IZTUUySQYWa2KEyksiifHGuBuitlzcyzFGjT96ThcqD9XW0UVJMvpoF2Qjh006Q==}
    engines: {node: '>= 10'}
    cpu: [x64]
    os: [win32]

  '@ast-grep/napi@0.35.0':
    resolution: {integrity: sha512-3ucaaSxV6fxXoqHrE/rxAvP1THnDdY5jNzGlnvx+JvnY9C/dSRKc0jlRMRz59N3El572+/yNRUUpAV1T9aBJug==}
    engines: {node: '>= 10'}

  '@jridgewell/sourcemap-codec@1.5.0':
    resolution: {integrity: sha512-gv3ZRaISU3fjPAgNsriBRqGWQL6quFx04YMPW/zD8XMLsU32mhCCbfbO6KZFLjvYpCZ8zyDEgqsgf+PwPaM7GQ==}

  '@module-federation/error-codes@0.14.3':
    resolution: {integrity: sha512-sBJ3XKU9g5Up31jFeXPFsD8AgORV7TLO/cCSMuRewSfgYbG/3vSKLJmfHrO6+PvjZSb9VyV2UaF02ojktW65vw==}

  '@module-federation/error-codes@0.8.4':
    resolution: {integrity: sha512-55LYmrDdKb4jt+qr8qE8U3al62ZANp3FhfVaNPOaAmdTh0jHdD8M3yf5HKFlr5xVkVO4eV/F/J2NCfpbh+pEXQ==}

  '@module-federation/runtime-core@0.14.3':
    resolution: {integrity: sha512-xMFQXflLVW/AJTWb4soAFP+LB4XuhE7ryiLIX8oTyUoBBgV6U2OPghnFljPjeXbud72O08NYlQ1qsHw1kN/V8Q==}

  '@module-federation/runtime-tools@0.14.3':
    resolution: {integrity: sha512-QBETX7iMYXdSa3JtqFlYU+YkpymxETZqyIIRiqg0gW+XGpH3jgU68yjrme2NBJp7URQi/CFZG8KWtfClk0Pjgw==}

  '@module-federation/runtime-tools@0.8.4':
    resolution: {integrity: sha512-fjVOsItJ1u5YY6E9FnS56UDwZgqEQUrWFnouRiPtK123LUuqUI9FH4redZoKWlE1PB0ir1Z3tnqy8eFYzPO38Q==}

  '@module-federation/runtime@0.14.3':
    resolution: {integrity: sha512-7ZHpa3teUDVhraYdxQGkfGHzPbjna4LtwbpudgzAxSLLFxLDNanaxCuSeIgSM9c+8sVUNC9kvzUgJEZB0krPJw==}

  '@module-federation/runtime@0.8.4':
    resolution: {integrity: sha512-yZeZ7z2Rx4gv/0E97oLTF3V6N25vglmwXGgoeju/W2YjsFvWzVtCDI7zRRb0mJhU6+jmSM8jP1DeQGbea/AiZQ==}

  '@module-federation/sdk@0.14.3':
    resolution: {integrity: sha512-THJZMfbXpqjQOLblCQ8jjcBFFXsGRJwUWE9l/Q4SmuCSKMgAwie7yLT0qSGrHmyBYrsUjAuy+xNB4nfKP0pnGw==}

  '@module-federation/sdk@0.8.4':
    resolution: {integrity: sha512-waABomIjg/5m1rPDBWYG4KUhS5r7OUUY7S+avpaVIY/tkPWB3ibRDKy2dNLLAMaLKq0u+B1qIdEp4NIWkqhqpg==}

  '@module-federation/webpack-bundler-runtime@0.14.3':
    resolution: {integrity: sha512-hIyJFu34P7bY2NeMIUHAS/mYUHEY71VTAsN0A0AqEJFSVPszheopu9VdXq0VDLrP9KQfuXT8SDxeYeJXyj0mgA==}

  '@module-federation/webpack-bundler-runtime@0.8.4':
    resolution: {integrity: sha512-HggROJhvHPUX7uqBD/XlajGygMNM1DG0+4OAkk8MBQe4a18QzrRNzZt6XQbRTSG4OaEoyRWhQHvYD3Yps405tQ==}

  '@rsbuild/core@1.2.13':
    resolution: {integrity: sha512-+qFsnLycj9DqNasrzXdijmSh6zZE5vgKYHhKRkSE3AVo7bp56MotK1TMesBddJgVMfre7ldqp5gpQ9rFIPrSKA==}
    engines: {node: '>=16.7.0'}
    hasBin: true

  '@rsbuild/core@1.4.0-beta.2':
    resolution: {integrity: sha512-cgMGolvlPkDghi0+tuoN5pYZERhOuOHQWXwxVU963/f5BSrXDRtwH6QzUevmUVyh+i1zFE5OdWM3YyVCahvG2Q==}
    engines: {node: '>=16.10.0'}
    hasBin: true

  '@rslib/core@0.5.2':
    resolution: {integrity: sha512-cOeks7bS+v6VOGeGt+cWtkxD6WyCJuqPHjB+/LI1F6fGR+y6bA0py1jCpXu7yFrAOqH2+qArcBvQKcAfepyhGg==}
    engines: {node: '>=16.7.0'}
    hasBin: true
    peerDependencies:
      '@microsoft/api-extractor': ^7
      typescript: ^5
    peerDependenciesMeta:
      '@microsoft/api-extractor':
        optional: true
      typescript:
        optional: true

  '@rspack/binding-darwin-arm64@1.2.6':
    resolution: {integrity: sha512-31URF3tAgVR8Pt6Oc8MANV/gYNR6DlUhtIMmWM2EwdcWTyIEnN7gSDdjtB6cYvETHwdM7NDSCOgyIirG1+tNZw==}
    cpu: [arm64]
    os: [darwin]

  '@rspack/binding-darwin-arm64@1.3.15':
    resolution: {integrity: sha512-f+DnVRENRdVe+ufpZeqTtWAUDSTnP48jVo7x9KWsXf8XyJHUi+eHKEPrFoy1HvL1/k5yJ3HVnFBh1Hb9cNIwSg==}
    cpu: [arm64]
    os: [darwin]

  '@rspack/binding-darwin-x64@1.2.6':
    resolution: {integrity: sha512-0XJMOGEqERP9N8zgJxfdWzuZG9buEp6RL4PSVaXPvcKw75Ig3YW50A8sMqd4SNXAqJp2gC706d6l8OnMXpRo3w==}
    cpu: [x64]
    os: [darwin]

  '@rspack/binding-darwin-x64@1.3.15':
    resolution: {integrity: sha512-TfUvEIBqYUT2OK01BYXb2MNcZeZIhAnJy/5aj0qV0uy4KlvwW63HYcKWa1sFd4Ac7bnGShDkanvP3YEuHOFOyg==}
    cpu: [x64]
    os: [darwin]

  '@rspack/binding-linux-arm64-gnu@1.2.6':
    resolution: {integrity: sha512-Ld26wvy9NSTqhUb/ll5ZpIW08ZzUkTl5daW3xHJgcaoRDrnJkRV1pMx8cdV8S+xsavJIPf4c+BuKpU6Ml2kx9A==}
    cpu: [arm64]
    os: [linux]

  '@rspack/binding-linux-arm64-gnu@1.3.15':
    resolution: {integrity: sha512-D/YjYk9snKvYm1Elotq8/GsEipB4ZJWVv/V8cZ+ohhFNOPzygENi6JfyI06TryBTQiN0/JDZqt/S9RaWBWnMqw==}
    cpu: [arm64]
    os: [linux]

  '@rspack/binding-linux-arm64-musl@1.2.6':
    resolution: {integrity: sha512-TrklgPKngiuzRovr7MdXDKXPfjJlT3g5LmCX/Y4pPfNrrOLjzL/fpEBRXBJEhrSuNWqpkZSNLs+Av02IY7manQ==}
    cpu: [arm64]
    os: [linux]

  '@rspack/binding-linux-arm64-musl@1.3.15':
    resolution: {integrity: sha512-lJbBsPMOiR0hYPCSM42yp7QiZjfo0ALtX7ws2wURpsQp3BMfRVAmXU3Ixpo2XCRtG1zj8crHaCmAWOJTS0smsA==}
    cpu: [arm64]
    os: [linux]

  '@rspack/binding-linux-x64-gnu@1.2.6':
    resolution: {integrity: sha512-aZ6mrZyuUg8hlBf7qEfXRAVPh2tM8E7kYZhI5eBOUoi6XhO5fTVcf/S2VUimFWLUmJdmSujG+nrYGQu1n74Xag==}
    cpu: [x64]
    os: [linux]

  '@rspack/binding-linux-x64-gnu@1.3.15':
    resolution: {integrity: sha512-qGB8ucHklrzNg6lsAS36VrBsCbOw0acgpQNqTE5cuHWrp1Pu3GFTRiFEogenxEmzoRbohMZt0Ev5grivrcgKBQ==}
    cpu: [x64]
    os: [linux]

  '@rspack/binding-linux-x64-musl@1.2.6':
    resolution: {integrity: sha512-Trg+s1b6sD4XNMOvwWwI+cebwGOBEXsND9Ofjc6L1RPtCeZQ5Rrycfh/HVymI50Y48g8YMibLZw8G2gAfK8SZw==}
    cpu: [x64]
    os: [linux]

  '@rspack/binding-linux-x64-musl@1.3.15':
    resolution: {integrity: sha512-qRn6e40fLQP+N2rQD8GAj/h4DakeTIho32VxTIaHRVuzw68ZD7VmKkwn55ssN370ejmey35ZdoNFNE12RBrMZA==}
    cpu: [x64]
    os: [linux]

  '@rspack/binding-win32-arm64-msvc@1.2.6':
    resolution: {integrity: sha512-lEWMW8H5ERYX376NA2qGritCHmcMNW+Ob6WVWuEZNh0oWeBD/mWqWFxbCx5J3KtlVy4miwk65V8YDd92alUEyw==}
    cpu: [arm64]
    os: [win32]

  '@rspack/binding-win32-arm64-msvc@1.3.15':
    resolution: {integrity: sha512-7uJ7dWhO1nWXJiCss6Rslz8hoAxAhFpwpbWja3eHgRb7O4NPHg6MWw63AQSI2aFVakreenfu9yXQqYfpVWJ2dA==}
    cpu: [arm64]
    os: [win32]

  '@rspack/binding-win32-ia32-msvc@1.2.6':
    resolution: {integrity: sha512-ML3f7vDyv2c7d+ync6l3aRY4cIAKUPT5n+yz7sRcwIBrB4n1n4rH6wf5a56h4wHjiWpnV0gXBXI9SrYD5a4vRQ==}
    cpu: [ia32]
    os: [win32]

  '@rspack/binding-win32-ia32-msvc@1.3.15':
    resolution: {integrity: sha512-UsaWTYCjDiSCB0A0qETgZk4QvhwfG8gCrO4SJvA+QSEWOmgSai1YV70prFtLLIiyT9mDt1eU3tPWl1UWPRU/EQ==}
    cpu: [ia32]
    os: [win32]

  '@rspack/binding-win32-x64-msvc@1.2.6':
    resolution: {integrity: sha512-0W0iComo7cdOg5fOuaZ2l1Mz7DG1A4SPDes557n9CH2Tf5rub3m2rBoMQ1B/XIkcUeGf+oB6bbBBroHPH0vQBA==}
    cpu: [x64]
    os: [win32]

  '@rspack/binding-win32-x64-msvc@1.3.15':
    resolution: {integrity: sha512-ZnDIc9Es8EF94MirPDN+hOMt7tkb8nMEbRJFKLMmNd0ElNPgsql+1cY5SqyGRH1hsKB87KfSUQlhFiKZvzbfIg==}
    cpu: [x64]
    os: [win32]

  '@rspack/binding@1.2.6':
    resolution: {integrity: sha512-Szu9w+RktSunBNfIHDORY/YRLFplhnUF9QgpUles8XYzKo6NA96WQNJoFbrBDkEQPbNUtVpEk4Ua1c9ZWtVTJQ==}

  '@rspack/binding@1.3.15':
    resolution: {integrity: sha512-utNPuJglLO5lW9XbwIqjB7+2ilMo6JkuVLTVdnNVKU94FW7asn9F/qV+d+MgjUVqU1QPCGm0NuGO9xhbgeJ7pg==}

  '@rspack/core@1.2.6':
    resolution: {integrity: sha512-CYiz6kXWdZX0tKu819Bromg84W9+GrgSY7OTMtr39IKRcCHjdVVjPYFthga2bNppfT+Ifeti5Ed06Xxlptr9CQ==}
    engines: {node: '>=16.0.0'}
    peerDependencies:
      '@rspack/tracing': ^1.x
      '@swc/helpers': '>=0.5.1'
    peerDependenciesMeta:
      '@rspack/tracing':
        optional: true
      '@swc/helpers':
        optional: true

  '@rspack/core@1.3.15':
    resolution: {integrity: sha512-QuElIC8jXSKWAp0LSx18pmbhA7NiA5HGoVYesmai90UVxz98tud0KpMxTVCg+0lrLrnKZfCWN9kwjCxM5pGnrA==}
    engines: {node: '>=16.0.0'}
    peerDependencies:
      '@swc/helpers': '>=0.5.1'
    peerDependenciesMeta:
      '@swc/helpers':
        optional: true

  '@rspack/lite-tapable@1.0.1':
    resolution: {integrity: sha512-VynGOEsVw2s8TAlLf/uESfrgfrq2+rcXB1muPJYBWbsm1Oa6r5qVQhjA5ggM6z/coYPrsVMgovl3Ff7Q7OCp1w==}
    engines: {node: '>=16.0.0'}

  '@rstest/core@https://pkg.pr.new/web-infra-dev/rstest/@rstest/core@1b40438':
    resolution: {tarball: https://pkg.pr.new/web-infra-dev/rstest/@rstest/core@1b40438}
    version: 0.0.0
    engines: {node: '>=18.0.0'}
    hasBin: true

  '@swc/helpers@0.5.15':
    resolution: {integrity: sha512-JQ5TuMi45Owi4/BIMAJBoSQoOJu12oOk/gADqlcUL9JEdHB8vyjUSsxqeNXnmXHjYKMi2WcYtezGEEhqUI/E2g==}

  '@swc/helpers@0.5.17':
    resolution: {integrity: sha512-5IKx/Y13RsYd+sauPb2x+U/xZikHjolzfuDgTAl/Tdf3Q8rslRvC19NKDLgAJQ6wsqADk10ntlv08nPFw/gO/A==}

  '@types/chai@5.2.2':
    resolution: {integrity: sha512-8kB30R7Hwqf40JPiKhVzodJs2Qc1ZJ5zuT3uzw5Hq/dhNCl3G3l83jfpdI1e20BP348+fV7VIL/+FxaXkqBmWg==}

  '@types/deep-eql@4.0.2':
    resolution: {integrity: sha512-c9h9dVVMigMPc4bwTvC5dxqtqJZwQPePsWjPlpSOnojbor6pGqdk541lfA7AqFQr5pB1BRdq0juY9db81BwyFw==}

  '@types/node@22.13.8':
    resolution: {integrity: sha512-G3EfaZS+iOGYWLLRCEAXdWK9my08oHNZ+FHluRiggIYJPOXzhOiDgpVCUHaUvyIC5/fj7C/p637jdzC666AOKQ==}

  '@vitest/expect@3.2.3':
    resolution: {integrity: sha512-W2RH2TPWVHA1o7UmaFKISPvdicFJH+mjykctJFoAkUw+SPTJTGjUNdKscFBrqM7IPnCVu6zihtKYa7TkZS1dkQ==}

  '@vitest/pretty-format@3.2.3':
    resolution: {integrity: sha512-yFglXGkr9hW/yEXngO+IKMhP0jxyFw2/qys/CK4fFUZnSltD+MU7dVYGrH8rvPcK/O6feXQA+EU33gjaBBbAng==}

  '@vitest/snapshot@3.2.3':
    resolution: {integrity: sha512-9gIVWx2+tysDqUmmM1L0hwadyumqssOL1r8KJipwLx5JVYyxvVRfxvMq7DaWbZZsCqZnu/dZedaZQh4iYTtneA==}

  '@vitest/spy@3.2.3':
    resolution: {integrity: sha512-JHu9Wl+7bf6FEejTCREy+DmgWe+rQKbK+y32C/k5f4TBIAlijhJbRBIRIOCEpVevgRsCQR2iHRUH2/qKVM/plw==}

  '@vitest/utils@3.2.3':
    resolution: {integrity: sha512-4zFBCU5Pf+4Z6v+rwnZ1HU1yzOKKvDkMXZrymE2PBlbjKJRlrOxbvpfPSvJTGRIwGoahaOGvp+kbCoxifhzJ1Q==}

  ansi-regex@6.1.0:
    resolution: {integrity: sha512-7HSX4QQb4CspciLpVFwyRe79O3xsIZDDLER21kERQ71oaPodF8jL725AgJMFAYbooIqolJoRLuM81SpeUkpkvA==}
    engines: {node: '>=12'}

  assertion-error@2.0.1:
    resolution: {integrity: sha512-Izi8RQcffqCeNVgFigKli1ssklIbpHnCYc6AknXGYoB6grJqyeby7jv12JUQgmTAnIDnbck1uxksT4dzN3PWBA==}
    engines: {node: '>=12'}

  birpc@2.3.0:
    resolution: {integrity: sha512-ijbtkn/F3Pvzb6jHypHRyve2QApOCZDR25D/VnkY2G/lBNcXCTsnsCxgY4k4PkVB7zfwzYbY3O9Lcqe3xufS5g==}

  caniuse-lite@1.0.30001701:
    resolution: {integrity: sha512-faRs/AW3jA9nTwmJBSO1PQ6L/EOgsB5HMQQq4iCu5zhPgVVgO/pZRHlmatwijZKetFw8/Pr4q6dEN8sJuq8qTw==}

  chai@5.2.0:
    resolution: {integrity: sha512-mCuXncKXk5iCLhfhwTc0izo0gtEmpz5CtG2y8GiOINBlMVS6v8TMRc5TaLWKS6692m9+dVVfzgeVxR5UxWHTYw==}
    engines: {node: '>=12'}

  check-error@2.1.1:
    resolution: {integrity: sha512-OAlb+T7V4Op9OwdkjmguYRqncdlx5JiofwOAUkmTF+jNdHwzTaTs4sRAGpzLF3oOz5xAyDGrPgeIDFQmDOTiJw==}
    engines: {node: '>= 16'}

  core-js@3.40.0:
    resolution: {integrity: sha512-7vsMc/Lty6AGnn7uFpYT56QesI5D2Y/UkgKounk87OP9Z2H9Z8kj6jzcSGAxFmUtDOS0ntK6lbQz+Nsa0Jj6mQ==}

  core-js@3.42.0:
    resolution: {integrity: sha512-Sz4PP4ZA+Rq4II21qkNqOEDTDrCvcANId3xpIgB34NDkWc3UduWj2dqEtN9yZIq8Dk3HyPI33x9sqqU5C8sr0g==}

  deep-eql@5.0.2:
    resolution: {integrity: sha512-h5k/5U50IJJFpzfL6nO9jaaumfjO/f2NjK/oYB2Djzm4p9L+3T9qWpZqZ2hAbLPuuYq9wrU08WQyBTL5GbPk5Q==}
    engines: {node: '>=6'}

  fdir@6.4.3:
    resolution: {integrity: sha512-PMXmW2y1hDDfTSRc9gaXIuCCRpuoz3Kaz8cUelp3smouvfT632ozg2vrT6lJsHKKOF59YLbOGfAWGUcKEfRMQw==}
    peerDependencies:
      picomatch: ^3 || ^4
    peerDependenciesMeta:
      picomatch:
        optional: true

  isomorphic-rslog@0.0.6:
    resolution: {integrity: sha512-HM0q6XqQ93psDlqvuViNs/Ea3hAyGDkIdVAHlrEocjjAwGrs1fZ+EdQjS9eUPacnYB7Y8SoDdSY3H8p3ce205A==}
    engines: {node: '>=14.17.6'}

  jiti@2.4.2:
    resolution: {integrity: sha512-rg9zJN+G4n2nfJl5MW3BMygZX56zKPNVEYYqq7adpmMh4Jn2QNEwhvQlFy6jPVdcod7txZtKHWnyZiA3a0zP7A==}
    hasBin: true

  json5@2.2.3:
    resolution: {integrity: sha512-XmOWe7eyHYH14cLdVPoyg+GOH3rYX++KpzrylJwSW98t3Nk+U8XOl8FWKOgwtzdb8lXGf6zYwDUzeHMWfxasyg==}
    engines: {node: '>=6'}
    hasBin: true

  loupe@3.1.2:
    resolution: {integrity: sha512-23I4pFZHmAemUnz8WZXbYRSKYj801VDaNv9ETuMh7IrMc7VuVVSo+Z9iLE3ni30+U48iDWfi30d3twAXBYmnCg==}

  loupe@3.1.3:
    resolution: {integrity: sha512-kkIp7XSkP78ZxJEsSxW3712C6teJVoeHHwgo9zJ380de7IYyJ2ISlxojcH2pC5OFLewESmnRi/+XCDIEEVyoug==}

  magic-string@0.30.17:
    resolution: {integrity: sha512-sNPKHvyjVf7gyjwS4xGTaW/mCnF8wnjtifKBEhxfZ7E/S8tQ0rssrwGNn6q8JH/ohItJfSQp9mBtQYuTlH5QnA==}

  minimist@1.2.8:
    resolution: {integrity: sha512-2yyAR8qBkN3YuheJanUpWC5U3bb5osDywNB8RzDVlDwDHbocAJveqqj1u8+SVD7jkWT4yvsHCpWqqWqAxb0zCA==}

  pathe@2.0.3:
    resolution: {integrity: sha512-WUjGcAqP1gQacoQe+OBJsFA7Ld4DyXuUIjZ5cc75cLHvJ7dtNsTugphxIADwspS+AraAUePCKrSVtPLFj/F88w==}

  pathval@2.0.0:
    resolution: {integrity: sha512-vE7JKRyES09KiunauX7nd2Q9/L7lhok4smP9RZTDeD4MVs72Dp2qNFVz39Nz5a0FVEW0BJR6C0DYrq6unoziZA==}
    engines: {node: '>= 14.16'}

  picocolors@1.1.1:
    resolution: {integrity: sha512-xceH2snhtb5M9liqDsmEw56le376mTZkEX/jEb/RxNFyegNul7eNslCXP9FDj/Lcu0X8KEyMceP2ntpaHrDEVA==}

  picomatch@4.0.2:
    resolution: {integrity: sha512-M7BAV6Rlcy5u+m6oPhAPFgJTzAioX/6B0DxyvDlo9l8+T3nLKbrczg2WLUyzd45L8RqfUMyGPzekbMvX2Ldkwg==}
    engines: {node: '>=12'}

  prettier@3.5.3:
    resolution: {integrity: sha512-QQtaxnoDJeAkDvDKWCLiwIXkTgRhwYDEQCghU9Z6q03iyek/rxRh/2lC3HB7P8sWT2xC/y5JDctPLBIGzHKbhw==}
    engines: {node: '>=14'}
    hasBin: true

  rsbuild-plugin-dts@0.5.2:
    resolution: {integrity: sha512-DGYjgQ2bgbVedZLOeETvPa1QyNeWJaLIQtTp2lOxZs3SXG+fj4BpeOeKohwQNOa+YyfRRmu4z4T9xrfRucr4OA==}
    engines: {node: '>=16.7.0'}
    peerDependencies:
      '@microsoft/api-extractor': ^7
      '@rsbuild/core': 1.x
      typescript: ^5
    peerDependenciesMeta:
      '@microsoft/api-extractor':
        optional: true
      typescript:
        optional: true

  std-env@3.9.0:
    resolution: {integrity: sha512-UGvjygr6F6tpH7o2qyqR6QYpwraIjKSdtzyBdyytFOHmPZY917kwdwLG0RbOjWOnKmnm3PeHjaoLLMie7kPLQw==}

  strip-ansi@7.1.0:
    resolution: {integrity: sha512-iq6eVVI64nQQTRYq2KtEg2d2uU7LElhTJwsH4YzIHZshxlgZms/wIc4VoDQTlG/IvVIrBKG06CrZnp0qv7hkcQ==}
    engines: {node: '>=12'}

  strip-bom@3.0.0:
    resolution: {integrity: sha512-vavAMRXOgBVNF6nyEEmL3DBK19iRpDcoIwW+swQ+CbGiu7lju6t+JklA1MHweoWtadgt4ISVUsXLyDq34ddcwA==}
    engines: {node: '>=4'}

  supports-color@9.4.0:
    resolution: {integrity: sha512-VL+lNrEoIXww1coLPOmiEmK/0sGigko5COxI09KzHc2VJXJsQ37UaQ+8quuxjDeA7+KnLGTWRyOXSLLR2Wb4jw==}
    engines: {node: '>=12'}

  tinyglobby@0.2.12:
    resolution: {integrity: sha512-qkf4trmKSIiMTs/E63cxH+ojC2unam7rJ0WrauAzpT3ECNTxGRMlaXxVbfxMUC/w0LaYk6jQ4y/nGR9uBO3tww==}
    engines: {node: '>=12.0.0'}

  tinypool@1.1.0:
    resolution: {integrity: sha512-7CotroY9a8DKsKprEy/a14aCCm8jYVmR7aFy4fpkZM8sdpNJbKkixuNjgM50yCmip2ezc8z4N7k3oe2+rfRJCQ==}
    engines: {node: ^18.0.0 || >=20.0.0}

  tinyrainbow@2.0.0:
    resolution: {integrity: sha512-op4nsTR47R6p0vMUUoYl/a+ljLFVtlfaXkLQmqfLR1qHma1h/ysYk4hEXZ880bf2CYgTskvTa/e196Vd5dDQXw==}
    engines: {node: '>=14.0.0'}

  tinyspy@4.0.3:
    resolution: {integrity: sha512-t2T/WLB2WRgZ9EpE4jgPJ9w+i66UZfDc8wHh0xrwiRNN+UwH98GIJkTeZqX9rg0i0ptwzqW+uYeIF0T4F8LR7A==}
    engines: {node: '>=14.0.0'}

  tsconfig-paths@4.2.0:
    resolution: {integrity: sha512-NoZ4roiN7LnbKn9QqE1amc9DJfzvZXxF4xDavcOWt1BPkdx+m+0gJuPM+S0vCe7zTJMYUP0R8pO2XMr+Y8oLIg==}
    engines: {node: '>=6'}

  tslib@2.8.1:
    resolution: {integrity: sha512-oJFu94HQb+KVduSUQL7wnpmqnfmLsOA/nAh6b6EH0wCEoK0/mPeXU6c3wKDV83MkOuHPRHtSXKKU99IBazS/2w==}

  typescript@5.8.2:
    resolution: {integrity: sha512-aJn6wq13/afZp/jT9QZmwEjDqqvSGp1VT5GVg+f/t6/oVyrgXM6BY1h9BRh/O5p3PlUPAe+WuiEZOmb/49RqoQ==}
    engines: {node: '>=14.17'}
    hasBin: true

  undici-types@6.20.0:
    resolution: {integrity: sha512-Ny6QZ2Nju20vw1SRHe3d9jVu6gJ+4e3+MMpqu7pqE5HT6WsTSlce++GQmK5UXS8mzV8DSYHrQH+Xrf2jVcuKNg==}

snapshots:

  '@ast-grep/napi-darwin-arm64@0.35.0':
    optional: true

  '@ast-grep/napi-darwin-x64@0.35.0':
    optional: true

  '@ast-grep/napi-linux-arm64-gnu@0.35.0':
    optional: true

  '@ast-grep/napi-linux-arm64-musl@0.35.0':
    optional: true

  '@ast-grep/napi-linux-x64-gnu@0.35.0':
    optional: true

  '@ast-grep/napi-linux-x64-musl@0.35.0':
    optional: true

  '@ast-grep/napi-win32-arm64-msvc@0.35.0':
    optional: true

  '@ast-grep/napi-win32-ia32-msvc@0.35.0':
    optional: true

  '@ast-grep/napi-win32-x64-msvc@0.35.0':
    optional: true

  '@ast-grep/napi@0.35.0':
    optionalDependencies:
      '@ast-grep/napi-darwin-arm64': 0.35.0
      '@ast-grep/napi-darwin-x64': 0.35.0
      '@ast-grep/napi-linux-arm64-gnu': 0.35.0
      '@ast-grep/napi-linux-arm64-musl': 0.35.0
      '@ast-grep/napi-linux-x64-gnu': 0.35.0
      '@ast-grep/napi-linux-x64-musl': 0.35.0
      '@ast-grep/napi-win32-arm64-msvc': 0.35.0
      '@ast-grep/napi-win32-ia32-msvc': 0.35.0
      '@ast-grep/napi-win32-x64-msvc': 0.35.0

  '@jridgewell/sourcemap-codec@1.5.0': {}

  '@module-federation/error-codes@0.14.3': {}

  '@module-federation/error-codes@0.8.4': {}

  '@module-federation/runtime-core@0.14.3':
    dependencies:
      '@module-federation/error-codes': 0.14.3
      '@module-federation/sdk': 0.14.3

  '@module-federation/runtime-tools@0.14.3':
    dependencies:
      '@module-federation/runtime': 0.14.3
      '@module-federation/webpack-bundler-runtime': 0.14.3

  '@module-federation/runtime-tools@0.8.4':
    dependencies:
      '@module-federation/runtime': 0.8.4
      '@module-federation/webpack-bundler-runtime': 0.8.4

  '@module-federation/runtime@0.14.3':
    dependencies:
      '@module-federation/error-codes': 0.14.3
      '@module-federation/runtime-core': 0.14.3
      '@module-federation/sdk': 0.14.3

  '@module-federation/runtime@0.8.4':
    dependencies:
      '@module-federation/error-codes': 0.8.4
      '@module-federation/sdk': 0.8.4

  '@module-federation/sdk@0.14.3': {}

  '@module-federation/sdk@0.8.4':
    dependencies:
      isomorphic-rslog: 0.0.6

  '@module-federation/webpack-bundler-runtime@0.14.3':
    dependencies:
      '@module-federation/runtime': 0.14.3
      '@module-federation/sdk': 0.14.3

  '@module-federation/webpack-bundler-runtime@0.8.4':
    dependencies:
      '@module-federation/runtime': 0.8.4
      '@module-federation/sdk': 0.8.4

  '@rsbuild/core@1.2.13':
    dependencies:
      '@rspack/core': 1.2.6(@swc/helpers@0.5.15)
      '@rspack/lite-tapable': 1.0.1
      '@swc/helpers': 0.5.15
      core-js: 3.40.0
      jiti: 2.4.2
    transitivePeerDependencies:
      - '@rspack/tracing'

  '@rsbuild/core@1.4.0-beta.2':
    dependencies:
      '@rspack/core': 1.3.15(@swc/helpers@0.5.17)
      '@rspack/lite-tapable': 1.0.1
      '@swc/helpers': 0.5.17
      core-js: 3.42.0
      jiti: 2.4.2

  '@rslib/core@0.5.2(typescript@5.8.2)':
    dependencies:
      '@rsbuild/core': 1.2.13
      rsbuild-plugin-dts: 0.5.2(@rsbuild/core@1.2.13)(typescript@5.8.2)
      tinyglobby: 0.2.12
    optionalDependencies:
      typescript: 5.8.2
    transitivePeerDependencies:
      - '@rspack/tracing'

  '@rspack/binding-darwin-arm64@1.2.6':
    optional: true

  '@rspack/binding-darwin-arm64@1.3.15':
    optional: true

  '@rspack/binding-darwin-x64@1.2.6':
    optional: true

  '@rspack/binding-darwin-x64@1.3.15':
    optional: true

  '@rspack/binding-linux-arm64-gnu@1.2.6':
    optional: true

  '@rspack/binding-linux-arm64-gnu@1.3.15':
    optional: true

  '@rspack/binding-linux-arm64-musl@1.2.6':
    optional: true

  '@rspack/binding-linux-arm64-musl@1.3.15':
    optional: true

  '@rspack/binding-linux-x64-gnu@1.2.6':
    optional: true

  '@rspack/binding-linux-x64-gnu@1.3.15':
    optional: true

  '@rspack/binding-linux-x64-musl@1.2.6':
    optional: true

  '@rspack/binding-linux-x64-musl@1.3.15':
    optional: true

  '@rspack/binding-win32-arm64-msvc@1.2.6':
    optional: true

  '@rspack/binding-win32-arm64-msvc@1.3.15':
    optional: true

  '@rspack/binding-win32-ia32-msvc@1.2.6':
    optional: true

  '@rspack/binding-win32-ia32-msvc@1.3.15':
    optional: true

  '@rspack/binding-win32-x64-msvc@1.2.6':
    optional: true

  '@rspack/binding-win32-x64-msvc@1.3.15':
    optional: true

  '@rspack/binding@1.2.6':
    optionalDependencies:
      '@rspack/binding-darwin-arm64': 1.2.6
      '@rspack/binding-darwin-x64': 1.2.6
      '@rspack/binding-linux-arm64-gnu': 1.2.6
      '@rspack/binding-linux-arm64-musl': 1.2.6
      '@rspack/binding-linux-x64-gnu': 1.2.6
      '@rspack/binding-linux-x64-musl': 1.2.6
      '@rspack/binding-win32-arm64-msvc': 1.2.6
      '@rspack/binding-win32-ia32-msvc': 1.2.6
      '@rspack/binding-win32-x64-msvc': 1.2.6

  '@rspack/binding@1.3.15':
    optionalDependencies:
      '@rspack/binding-darwin-arm64': 1.3.15
      '@rspack/binding-darwin-x64': 1.3.15
      '@rspack/binding-linux-arm64-gnu': 1.3.15
      '@rspack/binding-linux-arm64-musl': 1.3.15
      '@rspack/binding-linux-x64-gnu': 1.3.15
      '@rspack/binding-linux-x64-musl': 1.3.15
      '@rspack/binding-win32-arm64-msvc': 1.3.15
      '@rspack/binding-win32-ia32-msvc': 1.3.15
      '@rspack/binding-win32-x64-msvc': 1.3.15

  '@rspack/core@1.2.6(@swc/helpers@0.5.15)':
    dependencies:
      '@module-federation/runtime-tools': 0.8.4
      '@rspack/binding': 1.2.6
      '@rspack/lite-tapable': 1.0.1
      caniuse-lite: 1.0.30001701
    optionalDependencies:
      '@swc/helpers': 0.5.15

  '@rspack/core@1.3.15(@swc/helpers@0.5.17)':
    dependencies:
      '@module-federation/runtime-tools': 0.14.3
      '@rspack/binding': 1.3.15
      '@rspack/lite-tapable': 1.0.1
    optionalDependencies:
      '@swc/helpers': 0.5.17

  '@rspack/lite-tapable@1.0.1': {}

  '@rstest/core@https://pkg.pr.new/web-infra-dev/rstest/@rstest/core@1b40438':
    dependencies:
      '@rsbuild/core': 1.4.0-beta.2
      '@types/chai': 5.2.2
      '@vitest/expect': 3.2.3
      '@vitest/snapshot': 3.2.3
      birpc: 2.3.0
      chai: 5.2.0
      pathe: 2.0.3
      std-env: 3.9.0
      tinypool: 1.1.0

  '@swc/helpers@0.5.15':
    dependencies:
      tslib: 2.8.1

  '@swc/helpers@0.5.17':
    dependencies:
      tslib: 2.8.1

  '@types/chai@5.2.2':
    dependencies:
      '@types/deep-eql': 4.0.2

  '@types/deep-eql@4.0.2': {}

  '@types/node@22.13.8':
    dependencies:
      undici-types: 6.20.0

  '@vitest/expect@3.2.3':
    dependencies:
      '@types/chai': 5.2.2
      '@vitest/spy': 3.2.3
      '@vitest/utils': 3.2.3
      chai: 5.2.0
      tinyrainbow: 2.0.0

  '@vitest/pretty-format@3.2.3':
    dependencies:
      tinyrainbow: 2.0.0

  '@vitest/snapshot@3.2.3':
    dependencies:
      '@vitest/pretty-format': 3.2.3
      magic-string: 0.30.17
      pathe: 2.0.3

  '@vitest/spy@3.2.3':
    dependencies:
      tinyspy: 4.0.3

  '@vitest/utils@3.2.3':
    dependencies:
      '@vitest/pretty-format': 3.2.3
      loupe: 3.1.3
      tinyrainbow: 2.0.0

  ansi-regex@6.1.0: {}

  assertion-error@2.0.1: {}

  birpc@2.3.0: {}

  caniuse-lite@1.0.30001701: {}

  chai@5.2.0:
    dependencies:
      assertion-error: 2.0.1
      check-error: 2.1.1
      deep-eql: 5.0.2
      loupe: 3.1.2
      pathval: 2.0.0

  check-error@2.1.1: {}

  core-js@3.40.0: {}

  core-js@3.42.0: {}

  deep-eql@5.0.2: {}

  fdir@6.4.3(picomatch@4.0.2):
    optionalDependencies:
      picomatch: 4.0.2

  isomorphic-rslog@0.0.6: {}

  jiti@2.4.2: {}

  json5@2.2.3: {}

  loupe@3.1.2: {}

  loupe@3.1.3: {}

  magic-string@0.30.17:
    dependencies:
      '@jridgewell/sourcemap-codec': 1.5.0

  minimist@1.2.8: {}

  pathe@2.0.3: {}

  pathval@2.0.0: {}

  picocolors@1.1.1: {}

  picomatch@4.0.2: {}

  prettier@3.5.3: {}

  rsbuild-plugin-dts@0.5.2(@rsbuild/core@1.2.13)(typescript@5.8.2):
    dependencies:
      '@ast-grep/napi': 0.35.0
      '@rsbuild/core': 1.2.13
      magic-string: 0.30.17
      picocolors: 1.1.1
      tinyglobby: 0.2.12
      tsconfig-paths: 4.2.0
    optionalDependencies:
      typescript: 5.8.2

  std-env@3.9.0: {}

  strip-ansi@7.1.0:
    dependencies:
      ansi-regex: 6.1.0

  strip-bom@3.0.0: {}

  supports-color@9.4.0: {}

  tinyglobby@0.2.12:
    dependencies:
      fdir: 6.4.3(picomatch@4.0.2)
      picomatch: 4.0.2

  tinypool@1.1.0: {}

  tinyrainbow@2.0.0: {}

  tinyspy@4.0.3: {}

  tsconfig-paths@4.2.0:
    dependencies:
      json5: 2.2.3
      minimist: 1.2.8
      strip-bom: 3.0.0

  tslib@2.8.1: {}

  typescript@5.8.2: {}

  undici-types@6.20.0: {}
